// !$*UTF8*$!
{
	archiveVersion = 1;
	classes = {
	};
	objectVersion = 50;
	objects = {

/* Begin PBXBuildFile section */
		0CE1BDF225AC093100F2E369 /* LandmarksApp.swift in Sources */ = {isa = PBXBuildFile; fileRef = 0CE1BDF125AC093100F2E369 /* LandmarksApp.swift */; };
		0CE1BDF625AC093200F2E369 /* Assets.xcassets in Resources */ = {isa = PBXBuildFile; fileRef = 0CE1BDF525AC093200F2E369 /* Assets.xcassets */; };
		0CE1BDF925AC093200F2E369 /* Preview Assets.xcassets in Resources */ = {isa = PBXBuildFile; fileRef = 0CE1BDF825AC093200F2E369 /* Preview Assets.xcassets */; };
		0CE1BE0425AC093300F2E369 /* LandmarksTests.swift in Sources */ = {isa = PBXBuildFile; fileRef = 0CE1BE0325AC093300F2E369 /* LandmarksTests.swift */; };
		0CE1BE0F25AC093300F2E369 /* LandmarksUITests.swift in Sources */ = {isa = PBXBuildFile; fileRef = 0CE1BE0E25AC093300F2E369 /* LandmarksUITests.swift */; };
		0CE1BE2E25AC097300F2E369 /* landmarkData.json in Resources */ = {isa = PBXBuildFile; fileRef = 0CE1BE2025AC097200F2E369 /* landmarkData.json */; };
		0CE1BE2F25AC097300F2E369 /* ModelData.swift in Sources */ = {isa = PBXBuildFile; fileRef = 0CE1BE2225AC097200F2E369 /* ModelData.swift */; };
		0CE1BE3025AC097300F2E369 /* Landmark.swift in Sources */ = {isa = PBXBuildFile; fileRef = 0CE1BE2325AC097200F2E369 /* Landmark.swift */; };
		0CE1BE3125AC097300F2E369 /* LandmarkList.swift in Sources */ = {isa = PBXBuildFile; fileRef = 0CE1BE2625AC097200F2E369 /* LandmarkList.swift */; };
		0CE1BE3225AC097300F2E369 /* LandmarkDetail.swift in Sources */ = {isa = PBXBuildFile; fileRef = 0CE1BE2725AC097200F2E369 /* LandmarkDetail.swift */; };
		0CE1BE3325AC097300F2E369 /* LandmarkRow.swift in Sources */ = {isa = PBXBuildFile; fileRef = 0CE1BE2825AC097200F2E369 /* LandmarkRow.swift */; };
		0CE1BE3425AC097300F2E369 /* MapView.swift in Sources */ = {isa = PBXBuildFile; fileRef = 0CE1BE2A25AC097200F2E369 /* MapView.swift */; };
		0CE1BE3525AC097300F2E369 /* CircleImage.swift in Sources */ = {isa = PBXBuildFile; fileRef = 0CE1BE2B25AC097200F2E369 /* CircleImage.swift */; };
		0CE1BE3625AC097300F2E369 /* FavoriteButton.swift in Sources */ = {isa = PBXBuildFile; fileRef = 0CE1BE2C25AC097200F2E369 /* FavoriteButton.swift */; };
		0CE1BE3725AC097300F2E369 /* ContentView.swift in Sources */ = {isa = PBXBuildFile; fileRef = 0CE1BE2D25AC097200F2E369 /* ContentView.swift */; };
/* End PBXBuildFile section */

/* Begin PBXContainerItemProxy section */
		0CE1BE0025AC093300F2E369 /* PBXContainerItemProxy */ = {
			isa = PBXContainerItemProxy;
			containerPortal = 0CE1BDE625AC093100F2E369 /* Project object */;
			proxyType = 1;
			remoteGlobalIDString = 0CE1BDED25AC093100F2E369;
			remoteInfo = Landmarks;
		};
		0CE1BE0B25AC093300F2E369 /* PBXContainerItemProxy */ = {
			isa = PBXContainerItemProxy;
			containerPortal = 0CE1BDE625AC093100F2E369 /* Project object */;
			proxyType = 1;
			remoteGlobalIDString = 0CE1BDED25AC093100F2E369;
			remoteInfo = Landmarks;
		};
/* End PBXContainerItemProxy section */

/* Begin PBXFileReference section */
		0CE1BDEE25AC093100F2E369 /* Landmarks.app */ = {isa = PBXFileReference; explicitFileType = wrapper.application; includeInIndex = 0; path = Landmarks.app; sourceTree = BUILT_PRODUCTS_DIR; };
		0CE1BDF125AC093100F2E369 /* LandmarksApp.swift */ = {isa = PBXFileReference; lastKnownFileType = sourcecode.swift; path = LandmarksApp.swift; sourceTree = "<group>"; };
		0CE1BDF525AC093200F2E369 /* Assets.xcassets */ = {isa = PBXFileReference; lastKnownFileType = folder.assetcatalog; path = Assets.xcassets; sourceTree = "<group>"; };
		0CE1BDF825AC093200F2E369 /* Preview Assets.xcassets */ = {isa = PBXFileReference; lastKnownFileType = folder.assetcatalog; path = "Preview Assets.xcassets"; sourceTree = "<group>"; };
		0CE1BDFA25AC093200F2E369 /* Info.plist */ = {isa = PBXFileReference; lastKnownFileType = text.plist.xml; path = Info.plist; sourceTree = "<group>"; };
		0CE1BDFF25AC093300F2E369 /* LandmarksTests.xctest */ = {isa = PBXFileReference; explicitFileType = wrapper.cfbundle; includeInIndex = 0; path = LandmarksTests.xctest; sourceTree = BUILT_PRODUCTS_DIR; };
		0CE1BE0325AC093300F2E369 /* LandmarksTests.swift */ = {isa = PBXFileReference; lastKnownFileType = sourcecode.swift; path = LandmarksTests.swift; sourceTree = "<group>"; };
		0CE1BE0525AC093300F2E369 /* Info.plist */ = {isa = PBXFileReference; lastKnownFileType = text.plist.xml; path = Info.plist; sourceTree = "<group>"; };
		0CE1BE0A25AC093300F2E369 /* LandmarksUITests.xctest */ = {isa = PBXFileReference; explicitFileType = wrapper.cfbundle; includeInIndex = 0; path = LandmarksUITests.xctest; sourceTree = BUILT_PRODUCTS_DIR; };
		0CE1BE0E25AC093300F2E369 /* LandmarksUITests.swift */ = {isa = PBXFileReference; lastKnownFileType = sourcecode.swift; path = LandmarksUITests.swift; sourceTree = "<group>"; };
		0CE1BE1025AC093300F2E369 /* Info.plist */ = {isa = PBXFileReference; lastKnownFileType = text.plist.xml; path = Info.plist; sourceTree = "<group>"; };
		0CE1BE2025AC097200F2E369 /* landmarkData.json */ = {isa = PBXFileReference; fileEncoding = 4; lastKnownFileType = text.json; path = landmarkData.json; sourceTree = "<group>"; };
		0CE1BE2225AC097200F2E369 /* ModelData.swift */ = {isa = PBXFileReference; fileEncoding = 4; lastKnownFileType = sourcecode.swift; path = ModelData.swift; sourceTree = "<group>"; };
		0CE1BE2325AC097200F2E369 /* Landmark.swift */ = {isa = PBXFileReference; fileEncoding = 4; lastKnownFileType = sourcecode.swift; path = Landmark.swift; sourceTree = "<group>"; };
		0CE1BE2625AC097200F2E369 /* LandmarkList.swift */ = {isa = PBXFileReference; fileEncoding = 4; lastKnownFileType = sourcecode.swift; path = LandmarkList.swift; sourceTree = "<group>"; };
		0CE1BE2725AC097200F2E369 /* LandmarkDetail.swift */ = {isa = PBXFileReference; fileEncoding = 4; lastKnownFileType = sourcecode.swift; path = LandmarkDetail.swift; sourceTree = "<group>"; };
		0CE1BE2825AC097200F2E369 /* LandmarkRow.swift */ = {isa = PBXFileReference; fileEncoding = 4; lastKnownFileType = sourcecode.swift; path = LandmarkRow.swift; sourceTree = "<group>"; };
		0CE1BE2A25AC097200F2E369 /* MapView.swift */ = {isa = PBXFileReference; fileEncoding = 4; lastKnownFileType = sourcecode.swift; path = MapView.swift; sourceTree = "<group>"; };
		0CE1BE2B25AC097200F2E369 /* CircleImage.swift */ = {isa = PBXFileReference; fileEncoding = 4; lastKnownFileType = sourcecode.swift; path = CircleImage.swift; sourceTree = "<group>"; };
		0CE1BE2C25AC097200F2E369 /* FavoriteButton.swift */ = {isa = PBXFileReference; fileEncoding = 4; lastKnownFileType = sourcecode.swift; path = FavoriteButton.swift; sourceTree = "<group>"; };
		0CE1BE2D25AC097200F2E369 /* ContentView.swift */ = {isa = PBXFileReference; fileEncoding = 4; lastKnownFileType = sourcecode.swift; path = ContentView.swift; sourceTree = "<group>"; };
/* End PBXFileReference section */

/* Begin PBXFrameworksBuildPhase section */
		0CE1BDEB25AC093100F2E369 /* Frameworks */ = {
			isa = PBXFrameworksBuildPhase;
			buildActionMask = 2147483647;
			files = (
			);
			runOnlyForDeploymentPostprocessing = 0;
		};
		0CE1BDFC25AC093300F2E369 /* Frameworks */ = {
			isa = PBXFrameworksBuildPhase;
			buildActionMask = 2147483647;
			files = (
			);
			runOnlyForDeploymentPostprocessing = 0;
		};
		0CE1BE0725AC093300F2E369 /* Frameworks */ = {
			isa = PBXFrameworksBuildPhase;
			buildActionMask = 2147483647;
			files = (
			);
			runOnlyForDeploymentPostprocessing = 0;
		};
/* End PBXFrameworksBuildPhase section */

/* Begin PBXGroup section */
		0CE1BDE525AC093100F2E369 = {
			isa = PBXGroup;
			children = (
				0CE1BDF025AC093100F2E369 /* Landmarks */,
				0CE1BE0225AC093300F2E369 /* LandmarksTests */,
				0CE1BE0D25AC093300F2E369 /* LandmarksUITests */,
				0CE1BDEF25AC093100F2E369 /* Products */,
			);
			sourceTree = "<group>";
		};
		0CE1BDEF25AC093100F2E369 /* Products */ = {
			isa = PBXGroup;
			children = (
				0CE1BDEE25AC093100F2E369 /* Landmarks.app */,
				0CE1BDFF25AC093300F2E369 /* LandmarksTests.xctest */,
				0CE1BE0A25AC093300F2E369 /* LandmarksUITests.xctest */,
			);
			name = Products;
			sourceTree = "<group>";
		};
		0CE1BDF025AC093100F2E369 /* Landmarks */ = {
			isa = PBXGroup;
			children = (
				0CE1BE2125AC097200F2E369 /* Models */,
				0CE1BE1F25AC097200F2E369 /* Resources */,
				0CE1BE2425AC097200F2E369 /* Views */,
				0CE1BDF125AC093100F2E369 /* LandmarksApp.swift */,
				0CE1BDF525AC093200F2E369 /* Assets.xcassets */,
				0CE1BDFA25AC093200F2E369 /* Info.plist */,
				0CE1BDF725AC093200F2E369 /* Preview Content */,
			);
			path = Landmarks;
			sourceTree = "<group>";
		};
		0CE1BDF725AC093200F2E369 /* Preview Content */ = {
			isa = PBXGroup;
			children = (
				0CE1BDF825AC093200F2E369 /* Preview Assets.xcassets */,
			);
			path = "Preview Content";
			sourceTree = "<group>";
		};
		0CE1BE0225AC093300F2E369 /* LandmarksTests */ = {
			isa = PBXGroup;
			children = (
				0CE1BE0325AC093300F2E369 /* LandmarksTests.swift */,
				0CE1BE0525AC093300F2E369 /* Info.plist */,
			);
			path = LandmarksTests;
			sourceTree = "<group>";
		};
		0CE1BE0D25AC093300F2E369 /* LandmarksUITests */ = {
			isa = PBXGroup;
			children = (
				0CE1BE0E25AC093300F2E369 /* LandmarksUITests.swift */,
				0CE1BE1025AC093300F2E369 /* Info.plist */,
			);
			path = LandmarksUITests;
			sourceTree = "<group>";
		};
		0CE1BE1F25AC097200F2E369 /* Resources */ = {
			isa = PBXGroup;
			children = (
				0CE1BE2025AC097200F2E369 /* landmarkData.json */,
			);
			path = Resources;
			sourceTree = "<group>";
		};
		0CE1BE2125AC097200F2E369 /* Models */ = {
			isa = PBXGroup;
			children = (
				0CE1BE2225AC097200F2E369 /* ModelData.swift */,
				0CE1BE2325AC097200F2E369 /* Landmark.swift */,
			);
			path = Models;
			sourceTree = "<group>";
		};
		0CE1BE2425AC097200F2E369 /* Views */ = {
			isa = PBXGroup;
			children = (
				0CE1BE2525AC097200F2E369 /* Landmark */,
				0CE1BE2925AC097200F2E369 /* Helpers */,
			);
			path = Views;
			sourceTree = "<group>";
		};
		0CE1BE2525AC097200F2E369 /* Landmark */ = {
			isa = PBXGroup;
			children = (
				0CE1BE2625AC097200F2E369 /* LandmarkList.swift */,
				0CE1BE2725AC097200F2E369 /* LandmarkDetail.swift */,
				0CE1BE2825AC097200F2E369 /* LandmarkRow.swift */,
			);
			path = Landmark;
			sourceTree = "<group>";
		};
		0CE1BE2925AC097200F2E369 /* Helpers */ = {
			isa = PBXGroup;
			children = (
				0CE1BE2A25AC097200F2E369 /* MapView.swift */,
				0CE1BE2B25AC097200F2E369 /* CircleImage.swift */,
				0CE1BE2C25AC097200F2E369 /* FavoriteButton.swift */,
				0CE1BE2D25AC097200F2E369 /* ContentView.swift */,
			);
			path = Helpers;
			sourceTree = "<group>";
		};
/* End PBXGroup section */

/* Begin PBXNativeTarget section */
		0CE1BDED25AC093100F2E369 /* Landmarks */ = {
			isa = PBXNativeTarget;
			buildConfigurationList = 0CE1BE1325AC093300F2E369 /* Build configuration list for PBXNativeTarget "Landmarks" */;
			buildPhases = (
				0CE1BDEA25AC093100F2E369 /* Sources */,
				0CE1BDEB25AC093100F2E369 /* Frameworks */,
				0CE1BDEC25AC093100F2E369 /* Resources */,
			);
			buildRules = (
			);
			dependencies = (
			);
			name = Landmarks;
			productName = Landmarks;
			productReference = 0CE1BDEE25AC093100F2E369 /* Landmarks.app */;
			productType = "com.apple.product-type.application";
		};
		0CE1BDFE25AC093300F2E369 /* LandmarksTests */ = {
			isa = PBXNativeTarget;
			buildConfigurationList = 0CE1BE1625AC093300F2E369 /* Build configuration list for PBXNativeTarget "LandmarksTests" */;
			buildPhases = (
				0CE1BDFB25AC093300F2E369 /* Sources */,
				0CE1BDFC25AC093300F2E369 /* Frameworks */,
				0CE1BDFD25AC093300F2E369 /* Resources */,
			);
			buildRules = (
			);
			dependencies = (
				0CE1BE0125AC093300F2E369 /* PBXTargetDependency */,
			);
			name = LandmarksTests;
			productName = LandmarksTests;
			productReference = 0CE1BDFF25AC093300F2E369 /* LandmarksTests.xctest */;
			productType = "com.apple.product-type.bundle.unit-test";
		};
		0CE1BE0925AC093300F2E369 /* LandmarksUITests */ = {
			isa = PBXNativeTarget;
			buildConfigurationList = 0CE1BE1925AC093300F2E369 /* Build configuration list for PBXNativeTarget "LandmarksUITests" */;
			buildPhases = (
				0CE1BE0625AC093300F2E369 /* Sources */,
				0CE1BE0725AC093300F2E369 /* Frameworks */,
				0CE1BE0825AC093300F2E369 /* Resources */,
			);
			buildRules = (
			);
			dependencies = (
				0CE1BE0C25AC093300F2E369 /* PBXTargetDependency */,
			);
			name = LandmarksUITests;
			productName = LandmarksUITests;
			productReference = 0CE1BE0A25AC093300F2E369 /* LandmarksUITests.xctest */;
			productType = "com.apple.product-type.bundle.ui-testing";
		};
/* End PBXNativeTarget section */

/* Begin PBXProject section */
		0CE1BDE625AC093100F2E369 /* Project object */ = {
			isa = PBXProject;
			attributes = {
				LastSwiftUpdateCheck = 1220;
				LastUpgradeCheck = 1220;
				TargetAttributes = {
					0CE1BDED25AC093100F2E369 = {
						CreatedOnToolsVersion = 12.2;
					};
					0CE1BDFE25AC093300F2E369 = {
						CreatedOnToolsVersion = 12.2;
						TestTargetID = 0CE1BDED25AC093100F2E369;
					};
					0CE1BE0925AC093300F2E369 = {
						CreatedOnToolsVersion = 12.2;
						TestTargetID = 0CE1BDED25AC093100F2E369;
					};
				};
			};
			buildConfigurationList = 0CE1BDE925AC093100F2E369 /* Build configuration list for PBXProject "Landmarks" */;
			compatibilityVersion = "Xcode 9.3";
			developmentRegion = en;
			hasScannedForEncodings = 0;
			knownRegions = (
				en,
				Base,
			);
			mainGroup = 0CE1BDE525AC093100F2E369;
			productRefGroup = 0CE1BDEF25AC093100F2E369 /* Products */;
			projectDirPath = "";
			projectRoot = "";
			targets = (
				0CE1BDED25AC093100F2E369 /* Landmarks */,
				0CE1BDFE25AC093300F2E369 /* LandmarksTests */,
				0CE1BE0925AC093300F2E369 /* LandmarksUITests */,
			);
		};
/* End PBXProject section */

/* Begin PBXResourcesBuildPhase section */
		0CE1BDEC25AC093100F2E369 /* Resources */ = {
			isa = PBXResourcesBuildPhase;
			buildActionMask = 2147483647;
			files = (
				0CE1BDF925AC093200F2E369 /* Preview Assets.xcassets in Resources */,
				0CE1BDF625AC093200F2E369 /* Assets.xcassets in Resources */,
				0CE1BE2E25AC097300F2E369 /* landmarkData.json in Resources */,
			);
			runOnlyForDeploymentPostprocessing = 0;
		};
		0CE1BDFD25AC093300F2E369 /* Resources */ = {
			isa = PBXResourcesBuildPhase;
			buildActionMask = 2147483647;
			files = (
			);
			runOnlyForDeploymentPostprocessing = 0;
		};
		0CE1BE0825AC093300F2E369 /* Resources */ = {
			isa = PBXResourcesBuildPhase;
			buildActionMask = 2147483647;
			files = (
			);
			runOnlyForDeploymentPostprocessing = 0;
		};
/* End PBXResourcesBuildPhase section */

/* Begin PBXSourcesBuildPhase section */
		0CE1BDEA25AC093100F2E369 /* Sources */ = {
			isa = PBXSourcesBuildPhase;
			buildActionMask = 2147483647;
			files = (
				0CE1BE3725AC097300F2E369 /* ContentView.swift in Sources */,
				0CE1BE3425AC097300F2E369 /* MapView.swift in Sources */,
				0CE1BDF225AC093100F2E369 /* LandmarksApp.swift in Sources */,
				0CE1BE3625AC097300F2E369 /* FavoriteButton.swift in Sources */,
				0CE1BE2F25AC097300F2E369 /* ModelData.swift in Sources */,
				0CE1BE3025AC097300F2E369 /* Landmark.swift in Sources */,
				0CE1BE3525AC097300F2E369 /* CircleImage.swift in Sources */,
				0CE1BE3225AC097300F2E369 /* LandmarkDetail.swift in Sources */,
				0CE1BE3325AC097300F2E369 /* LandmarkRow.swift in Sources */,
				0CE1BE3125AC097300F2E369 /* LandmarkList.swift in Sources */,
			);
			runOnlyForDeploymentPostprocessing = 0;
		};
		0CE1BDFB25AC093300F2E369 /* Sources */ = {
			isa = PBXSourcesBuildPhase;
			buildActionMask = 2147483647;
			files = (
				0CE1BE0425AC093300F2E369 /* LandmarksTests.swift in Sources */,
			);
			runOnlyForDeploymentPostprocessing = 0;
		};
		0CE1BE0625AC093300F2E369 /* Sources */ = {
			isa = PBXSourcesBuildPhase;
			buildActionMask = 2147483647;
			files = (
				0CE1BE0F25AC093300F2E369 /* LandmarksUITests.swift in Sources */,
			);
			runOnlyForDeploymentPostprocessing = 0;
		};
/* End PBXSourcesBuildPhase section */

/* Begin PBXTargetDependency section */
		0CE1BE0125AC093300F2E369 /* PBXTargetDependency */ = {
			isa = PBXTargetDependency;
			target = 0CE1BDED25AC093100F2E369 /* Landmarks */;
			targetProxy = 0CE1BE0025AC093300F2E369 /* PBXContainerItemProxy */;
		};
		0CE1BE0C25AC093300F2E369 /* PBXTargetDependency */ = {
			isa = PBXTargetDependency;
			target = 0CE1BDED25AC093100F2E369 /* Landmarks */;
			targetProxy = 0CE1BE0B25AC093300F2E369 /* PBXContainerItemProxy */;
		};
/* End PBXTargetDependency section */

/* Begin XCBuildConfiguration section */
		0CE1BE1125AC093300F2E369 /* Debug */ = {
			isa = XCBuildConfiguration;
			buildSettings = {
				ALWAYS_SEARCH_USER_PATHS = NO;
				CLANG_ANALYZER_NONNULL = YES;
				CLANG_ANALYZER_NUMBER_OBJECT_CONVERSION = YES_AGGRESSIVE;
				CLANG_CXX_LANGUAGE_STANDARD = "gnu++14";
				CLANG_CXX_LIBRARY = "libc++";
				CLANG_ENABLE_MODULES = YES;
				CLANG_ENABLE_OBJC_ARC = YES;
				CLANG_ENABLE_OBJC_WEAK = YES;
				CLANG_WARN_BLOCK_CAPTURE_AUTORELEASING = YES;
				CLANG_WARN_BOOL_CONVERSION = YES;
				CLANG_WARN_COMMA = YES;
				CLANG_WARN_CONSTANT_CONVERSION = YES;
				CLANG_WARN_DEPRECATED_OBJC_IMPLEMENTATIONS = YES;
				CLANG_WARN_DIRECT_OBJC_ISA_USAGE = YES_ERROR;
				CLANG_WARN_DOCUMENTATION_COMMENTS = YES;
				CLANG_WARN_EMPTY_BODY = YES;
				CLANG_WARN_ENUM_CONVERSION = YES;
				CLANG_WARN_INFINITE_RECURSION = YES;
				CLANG_WARN_INT_CONVERSION = YES;
				CLANG_WARN_NON_LITERAL_NULL_CONVERSION = YES;
				CLANG_WARN_OBJC_IMPLICIT_RETAIN_SELF = YES;
				CLANG_WARN_OBJC_LITERAL_CONVERSION = YES;
				CLANG_WARN_OBJC_ROOT_CLASS = YES_ERROR;
				CLANG_WARN_QUOTED_INCLUDE_IN_FRAMEWORK_HEADER = YES;
				CLANG_WARN_RANGE_LOOP_ANALYSIS = YES;
				CLANG_WARN_STRICT_PROTOTYPES = YES;
				CLANG_WARN_SUSPICIOUS_MOVE = YES;
				CLANG_WARN_UNGUARDED_AVAILABILITY = YES_AGGRESSIVE;
				CLANG_WARN_UNREACHABLE_CODE = YES;
				CLANG_WARN__DUPLICATE_METHOD_MATCH = YES;
				COPY_PHASE_STRIP = NO;
				DEBUG_INFORMATION_FORMAT = dwarf;
				ENABLE_STRICT_OBJC_MSGSEND = YES;
				ENABLE_TESTABILITY = YES;
				GCC_C_LANGUAGE_STANDARD = gnu11;
				GCC_DYNAMIC_NO_PIC = NO;
				GCC_NO_COMMON_BLOCKS = YES;
				GCC_OPTIMIZATION_LEVEL = 0;
				GCC_PREPROCESSOR_DEFINITIONS = (
					"DEBUG=1",
					"$(inherited)",
				);
				GCC_WARN_64_TO_32_BIT_CONVERSION = YES;
				GCC_WARN_ABOUT_RETURN_TYPE = YES_ERROR;
				GCC_WARN_UNDECLARED_SELECTOR = YES;
				GCC_WARN_UNINITIALIZED_AUTOS = YES_AGGRESSIVE;
				GCC_WARN_UNUSED_FUNCTION = YES;
				GCC_WARN_UNUSED_VARIABLE = YES;
				IPHONEOS_DEPLOYMENT_TARGET = 14.2;
				MTL_ENABLE_DEBUG_INFO = INCLUDE_SOURCE;
				MTL_FAST_MATH = YES;
				ONLY_ACTIVE_ARCH = YES;
				SDKROOT = iphoneos;
				SWIFT_ACTIVE_COMPILATION_CONDITIONS = DEBUG;
				SWIFT_OPTIMIZATION_LEVEL = "-Onone";
			};
			name = Debug;
		};
		0CE1BE1225AC093300F2E369 /* Release */ = {
			isa = XCBuildConfiguration;
			buildSettings = {
				ALWAYS_SEARCH_USER_PATHS = NO;
				CLANG_ANALYZER_NONNULL = YES;
				CLANG_ANALYZER_NUMBER_OBJECT_CONVERSION = YES_AGGRESSIVE;
				CLANG_CXX_LANGUAGE_STANDARD = "gnu++14";
				CLANG_CXX_LIBRARY = "libc++";
				CLANG_ENABLE_MODULES = YES;
				CLANG_ENABLE_OBJC_ARC = YES;
				CLANG_ENABLE_OBJC_WEAK = YES;
				CLANG_WARN_BLOCK_CAPTURE_AUTORELEASING = YES;
				CLANG_WARN_BOOL_CONVERSION = YES;
				CLANG_WARN_COMMA = YES;
				CLANG_WARN_CONSTANT_CONVERSION = YES;
				CLANG_WARN_DEPRECATED_OBJC_IMPLEMENTATIONS = YES;
				CLANG_WARN_DIRECT_OBJC_ISA_USAGE = YES_ERROR;
				CLANG_WARN_DOCUMENTATION_COMMENTS = YES;
				CLANG_WARN_EMPTY_BODY = YES;
				CLANG_WARN_ENUM_CONVERSION = YES;
				CLANG_WARN_INFINITE_RECURSION = YES;
				CLANG_WARN_INT_CONVERSION = YES;
				CLANG_WARN_NON_LITERAL_NULL_CONVERSION = YES;
				CLANG_WARN_OBJC_IMPLICIT_RETAIN_SELF = YES;
				CLANG_WARN_OBJC_LITERAL_CONVERSION = YES;
				CLANG_WARN_OBJC_ROOT_CLASS = YES_ERROR;
				CLANG_WARN_QUOTED_INCLUDE_IN_FRAMEWORK_HEADER = YES;
				CLANG_WARN_RANGE_LOOP_ANALYSIS = YES;
				CLANG_WARN_STRICT_PROTOTYPES = YES;
				CLANG_WARN_SUSPICIOUS_MOVE = YES;
				CLANG_WARN_UNGUARDED_AVAILABILITY = YES_AGGRESSIVE;
				CLANG_WARN_UNREACHABLE_CODE = YES;
				CLANG_WARN__DUPLICATE_METHOD_MATCH = YES;
				COPY_PHASE_STRIP = NO;
				DEBUG_INFORMATION_FORMAT = "dwarf-with-dsym";
				ENABLE_NS_ASSERTIONS = NO;
				ENABLE_STRICT_OBJC_MSGSEND = YES;
				GCC_C_LANGUAGE_STANDARD = gnu11;
				GCC_NO_COMMON_BLOCKS = YES;
				GCC_WARN_64_TO_32_BIT_CONVERSION = YES;
				GCC_WARN_ABOUT_RETURN_TYPE = YES_ERROR;
				GCC_WARN_UNDECLARED_SELECTOR = YES;
				GCC_WARN_UNINITIALIZED_AUTOS = YES_AGGRESSIVE;
				GCC_WARN_UNUSED_FUNCTION = YES;
				GCC_WARN_UNUSED_VARIABLE = YES;
				IPHONEOS_DEPLOYMENT_TARGET = 14.2;
				MTL_ENABLE_DEBUG_INFO = NO;
				MTL_FAST_MATH = YES;
				SDKROOT = iphoneos;
				SWIFT_COMPILATION_MODE = wholemodule;
				SWIFT_OPTIMIZATION_LEVEL = "-O";
				VALIDATE_PRODUCT = YES;
			};
			name = Release;
		};
		0CE1BE1425AC093300F2E369 /* Debug */ = {
			isa = XCBuildConfiguration;
			buildSettings = {
				ASSETCATALOG_COMPILER_APPICON_NAME = AppIcon;
				ASSETCATALOG_COMPILER_GLOBAL_ACCENT_COLOR_NAME = AccentColor;
				CODE_SIGN_STYLE = Automatic;
				DEVELOPMENT_ASSET_PATHS = "\"Landmarks/Preview Content\"";
				ENABLE_PREVIEWS = YES;
				INFOPLIST_FILE = Landmarks/Info.plist;
				IPHONEOS_DEPLOYMENT_TARGET = 14.0;
				LD_RUNPATH_SEARCH_PATHS = (
					"$(inherited)",
					"@executable_path/Frameworks",
				);
				PRODUCT_BUNDLE_IDENTIFIER = com.Chi.Landmarks;
				PRODUCT_NAME = "$(TARGET_NAME)";
				SWIFT_VERSION = 5.0;
				TARGETED_DEVICE_FAMILY = "1,2";
			};
			name = Debug;
		};
		0CE1BE1525AC093300F2E369 /* Release */ = {
			isa = XCBuildConfiguration;
			buildSettings = {
				ASSETCATALOG_COMPILER_APPICON_NAME = AppIcon;
				ASSETCATALOG_COMPILER_GLOBAL_ACCENT_COLOR_NAME = AccentColor;
				CODE_SIGN_STYLE = Automatic;
				DEVELOPMENT_ASSET_PATHS = "\"Landmarks/Preview Content\"";
				ENABLE_PREVIEWS = YES;
				INFOPLIST_FILE = Landmarks/Info.plist;
				IPHONEOS_DEPLOYMENT_TARGET = 14.0;
				LD_RUNPATH_SEARCH_PATHS = (
					"$(inherited)",
					"@executable_path/Frameworks",
				);
				PRODUCT_BUNDLE_IDENTIFIER = com.Chi.Landmarks;
				PRODUCT_NAME = "$(TARGET_NAME)";
				SWIFT_VERSION = 5.0;
				TARGETED_DEVICE_FAMILY = "1,2";
			};
			name = Release;
		};
		0CE1BE1725AC093300F2E369 /* Debug */ = {
			isa = XCBuildConfiguration;
			buildSettings = {
				ALWAYS_EMBED_SWIFT_STANDARD_LIBRARIES = YES;
				BUNDLE_LOADER = "$(TEST_HOST)";
				CODE_SIGN_STYLE = Automatic;
				INFOPLIST_FILE = LandmarksTests/Info.plist;
				IPHONEOS_DEPLOYMENT_TARGET = 14.0;
				LD_RUNPATH_SEARCH_PATHS = (
					"$(inherited)",
					"@executable_path/Frameworks",
					"@loader_path/Frameworks",
				);
				PRODUCT_BUNDLE_IDENTIFIER = com.Chi.LandmarksTests;
				PRODUCT_NAME = "$(TARGET_NAME)";
				SWIFT_VERSION = 5.0;
				TARGETED_DEVICE_FAMILY = "1,2";
				TEST_HOST = "$(BUILT_PRODUCTS_DIR)/Landmarks.app/Landmarks";
			};
			name = Debug;
		};
		0CE1BE1825AC093300F2E369 /* Release */ = {
			isa = XCBuildConfiguration;
			buildSettings = {
				ALWAYS_EMBED_SWIFT_STANDARD_LIBRARIES = YES;
				BUNDLE_LOADER = "$(TEST_HOST)";
				CODE_SIGN_STYLE = Automatic;
				INFOPLIST_FILE = LandmarksTests/Info.plist;
				IPHONEOS_DEPLOYMENT_TARGET = 14.0;
				LD_RUNPATH_SEARCH_PATHS = (
					"$(inherited)",
					"@executable_path/Frameworks",
					"@loader_path/Frameworks",
				);
				PRODUCT_BUNDLE_IDENTIFIER = com.Chi.LandmarksTests;
				PRODUCT_NAME = "$(TARGET_NAME)";
				SWIFT_VERSION = 5.0;
				TARGETED_DEVICE_FAMILY = "1,2";
				TEST_HOST = "$(BUILT_PRODUCTS_DIR)/Landmarks.app/Landmarks";
			};
			name = Release;
		};
		0CE1BE1A25AC093300F2E369 /* Debug */ = {
			isa = XCBuildConfiguration;
			buildSettings = {
				ALWAYS_EMBED_SWIFT_STANDARD_LIBRARIES = YES;
				CODE_SIGN_STYLE = Automatic;
				INFOPLIST_FILE = LandmarksUITests/Info.plist;
				LD_RUNPATH_SEARCH_PATHS = (
					"$(inherited)",
					"@executable_path/Frameworks",
					"@loader_path/Frameworks",
				);
				PRODUCT_BUNDLE_IDENTIFIER = com.Chi.LandmarksUITests;
				PRODUCT_NAME = "$(TARGET_NAME)";
				SWIFT_VERSION = 5.0;
				TARGETED_DEVICE_FAMILY = "1,2";
				TEST_TARGET_NAME = Landmarks;
			};
			name = Debug;
		};
		0CE1BE1B25AC093300F2E369 /* Release */ = {
			isa = XCBuildConfiguration;
			buildSettings = {
				ALWAYS_EMBED_SWIFT_STANDARD_LIBRARIES = YES;
				CODE_SIGN_STYLE = Automatic;
				INFOPLIST_FILE = LandmarksUITests/Info.plist;
				LD_RUNPATH_SEARCH_PATHS = (
					"$(inherited)",
					"@executable_path/Frameworks",
					"@loader_path/Frameworks",
				);
				PRODUCT_BUNDLE_IDENTIFIER = com.Chi.LandmarksUITests;
				PRODUCT_NAME = "$(TARGET_NAME)";
				SWIFT_VERSION = 5.0;
				TARGETED_DEVICE_FAMILY = "1,2";
				TEST_TARGET_NAME = Landmarks;
			};
			name = Release;
		};
/* End XCBuildConfiguration section */

/* Begin XCConfigurationList section */
		0CE1BDE925AC093100F2E369 /* Build configuration list for PBXProject "Landmarks" */ = {
			isa = XCConfigurationList;
			buildConfigurations = (
				0CE1BE1125AC093300F2E369 /* Debug */,
				0CE1BE1225AC093300F2E369 /* Release */,
			);
			defaultConfigurationIsVisible = 0;
			defaultConfigurationName = Release;
		};
		0CE1BE1325AC093300F2E369 /* Build configuration list for PBXNativeTarget "Landmarks" */ = {
			isa = XCConfigurationList;
			buildConfigurations = (
				0CE1BE1425AC093300F2E369 /* Debug */,
				0CE1BE1525AC093300F2E369 /* Release */,
			);
			defaultConfigurationIsVisible = 0;
			defaultConfigurationName = Release;
		};
		0CE1BE1625AC093300F2E369 /* Build configuration list for PBXNativeTarget "LandmarksTests" */ = {
			isa = XCConfigurationList;
			buildConfigurations = (
				0CE1BE1725AC093300F2E369 /* Debug */,
				0CE1BE1825AC093300F2E369 /* Release */,
			);
			defaultConfigurationIsVisible = 0;
			defaultConfigurationName = Release;
		};
		0CE1BE1925AC093300F2E369 /* Build configuration list for PBXNativeTarget "LandmarksUITests" */ = {
			isa = XCConfigurationList;
			buildConfigurations = (
				0CE1BE1A25AC093300F2E369 /* Debug */,
				0CE1BE1B25AC093300F2E369 /* Release */,
			);
			defaultConfigurationIsVisible = 0;
			defaultConfigurationName = Release;
		};
/* End XCConfigurationList section */
	};
	rootObject = 0CE1BDE625AC093100F2E369 /* Project object */;
}
